
Microsoft Visual Studio Solution File, Format Version 12.00
# Visual Studio Version 17
VisualStudioVersion = 17.13.35919.96 d17.13
MinimumVisualStudioVersion = 10.0.40219.1
Project("{FAE04EC0-301F-11D3-BF4B-00C04F79EFBC}") = "MyToDoList", "MyToDoList.csproj", "{AB1CD72B-22FF-4802-AF7F-5A7616B9E81D}"
EndProject
Global
	GlobalSection(SolutionConfigurationPlatforms) = preSolution
		Debug|Any CPU = Debug|Any CPU
		Release|Any CPU = Release|Any CPU
	EndGlobalSection
	GlobalSection(ProjectConfigurationPlatforms) = postSolution
		{AB1CD72B-22FF-4802-AF7F-5A7616B9E81D}.Debug|Any CPU.ActiveCfg = Debug|Any CPU
		{AB1CD72B-22FF-4802-AF7F-5A7616B9E81D}.Debug|Any CPU.Build.0 = Debug|Any CPU
		{AB1CD72B-22FF-4802-AF7F-5A7616B9E81D}.Release|Any CPU.ActiveCfg = Release|Any CPU
		{AB1CD72B-22FF-4802-AF7F-5A7616B9E81D}.Release|Any CPU.Build.0 = Release|Any CPU
	EndGlobalSection
	GlobalSection(SolutionProperties) = preSolution
		HideSolutionNode = FALSE
	EndGlobalSection
	GlobalSection(ExtensibilityGlobals) = postSolution
		SolutionGuid = {AEDD3C2B-F90E-4C63-B6CF-EB83A0C59430}
	EndGlobalSection
EndGlobal
